
Microsoft Visual Studio Solution File, Format Version 12.00
# Visual Studio Version 16
VisualStudioVersion = 16.0.29613.14
MinimumVisualStudioVersion = 10.0.40219.1
Project("{9A19103F-16F7-4668-BE54-9A1E7A4F7556}") = "Illuminator", "Illuminator\Illuminator.csproj", "{AD3A6361-1A40-41DD-ABCC-91A368BCA497}"
EndProject
Project("{2150E333-8FDC-42A3-9474-1A3956D46DE8}") = "Solution Items", "Solution Items", "{05069F04-CCCC-459C-8648-024290AA33DF}"
	ProjectSection(SolutionItems) = preProject
		..\appveyor.yml = ..\appveyor.yml
		..\docs\process.md = ..\docs\process.md
		..\readme.md = ..\readme.md
		..\docs\todo.md = ..\docs\todo.md
	EndProjectSection
EndProject
Project("{9A19103F-16F7-4668-BE54-9A1E7A4F7556}") = "Illuminator.Tests", "Illuminator.Tests\Illuminator.Tests.csproj", "{87EDC5EA-FD0B-4D39-B22A-03B024E9A54D}"
EndProject
Project("{6EC3EE1D-3C4E-46DD-8F32-0CC8E7565705}") = "Illuminator.Cli", "Illuminator.Cli\Illuminator.Cli.fsproj", "{A9BD6A30-EF59-47FE-82FC-84316666F521}"
EndProject
Project("{9A19103F-16F7-4668-BE54-9A1E7A4F7556}") = "Illuminator.Extensions", "Illuminator.Extensions\Illuminator.Extensions.csproj", "{6D6A789A-1448-471B-80EC-B27FC470DEE7}"
EndProject
Project("{2150E333-8FDC-42A3-9474-1A3956D46DE8}") = "scripts", "scripts", "{B878BD69-1CE1-4299-8D9A-45F7143D123B}"
	ProjectSection(SolutionItems) = preProject
		..\scripts\build.ps1 = ..\scripts\build.ps1
		..\scripts\clean.ps1 = ..\scripts\clean.ps1
		..\scripts\generate.ps1 = ..\scripts\generate.ps1
		..\scripts\run-tests.ps1 = ..\scripts\run-tests.ps1
	EndProjectSection
EndProject
Global
	GlobalSection(SolutionConfigurationPlatforms) = preSolution
		Debug|Any CPU = Debug|Any CPU
		Release|Any CPU = Release|Any CPU
	EndGlobalSection
	GlobalSection(ProjectConfigurationPlatforms) = postSolution
		{AD3A6361-1A40-41DD-ABCC-91A368BCA497}.Debug|Any CPU.ActiveCfg = Debug|Any CPU
		{AD3A6361-1A40-41DD-ABCC-91A368BCA497}.Debug|Any CPU.Build.0 = Debug|Any CPU
		{AD3A6361-1A40-41DD-ABCC-91A368BCA497}.Release|Any CPU.ActiveCfg = Release|Any CPU
		{AD3A6361-1A40-41DD-ABCC-91A368BCA497}.Release|Any CPU.Build.0 = Release|Any CPU
		{87EDC5EA-FD0B-4D39-B22A-03B024E9A54D}.Debug|Any CPU.ActiveCfg = Debug|Any CPU
		{87EDC5EA-FD0B-4D39-B22A-03B024E9A54D}.Debug|Any CPU.Build.0 = Debug|Any CPU
		{87EDC5EA-FD0B-4D39-B22A-03B024E9A54D}.Release|Any CPU.ActiveCfg = Release|Any CPU
		{87EDC5EA-FD0B-4D39-B22A-03B024E9A54D}.Release|Any CPU.Build.0 = Release|Any CPU
		{A9BD6A30-EF59-47FE-82FC-84316666F521}.Debug|Any CPU.ActiveCfg = Debug|Any CPU
		{A9BD6A30-EF59-47FE-82FC-84316666F521}.Debug|Any CPU.Build.0 = Debug|Any CPU
		{A9BD6A30-EF59-47FE-82FC-84316666F521}.Release|Any CPU.ActiveCfg = Release|Any CPU
		{A9BD6A30-EF59-47FE-82FC-84316666F521}.Release|Any CPU.Build.0 = Release|Any CPU
		{6D6A789A-1448-471B-80EC-B27FC470DEE7}.Debug|Any CPU.ActiveCfg = Debug|Any CPU
		{6D6A789A-1448-471B-80EC-B27FC470DEE7}.Debug|Any CPU.Build.0 = Debug|Any CPU
		{6D6A789A-1448-471B-80EC-B27FC470DEE7}.Release|Any CPU.ActiveCfg = Release|Any CPU
		{6D6A789A-1448-471B-80EC-B27FC470DEE7}.Release|Any CPU.Build.0 = Release|Any CPU
	EndGlobalSection
	GlobalSection(SolutionProperties) = preSolution
		HideSolutionNode = FALSE
	EndGlobalSection
	GlobalSection(NestedProjects) = preSolution
		{B878BD69-1CE1-4299-8D9A-45F7143D123B} = {05069F04-CCCC-459C-8648-024290AA33DF}
	EndGlobalSection
	GlobalSection(ExtensibilityGlobals) = postSolution
		SolutionGuid = {8DD34110-9816-483D-AA0D-43F20289FAF5}
	EndGlobalSection
EndGlobal
