
Microsoft Visual Studio Solution File, Format Version 12.00
# Visual Studio Version 16
VisualStudioVersion = 16.0.29613.14
MinimumVisualStudioVersion = 10.0.40219.1
Project("{9A19103F-16F7-4668-BE54-9A1E7A4F7556}") = "Illuminator", "Illuminator\Illuminator.csproj", "{AD3A6361-1A40-41DD-ABCC-91A368BCA497}"
EndProject
Project("{2150E333-8FDC-42A3-9474-1A3956D46DE8}") = "Solution Items", "Solution Items", "{05069F04-CCCC-459C-8648-024290AA33DF}"
	ProjectSection(SolutionItems) = preProject
		..\README.md = ..\README.md
	EndProjectSection
EndProject
Project("{9A19103F-16F7-4668-BE54-9A1E7A4F7556}") = "Illuminator.Tests", "Illuminator.Tests\Illuminator.Tests.csproj", "{B3D5C764-A5E2-4A31-BEF6-C669B66D78E9}"
EndProject
Project("{FAE04EC0-301F-11D3-BF4B-00C04F79EFBC}") = "Illuminator.Core", "Illuminator.Core\Illuminator.Core.csproj", "{D06C58ED-C5C5-4EF5-88F1-28B6D2BE4845}"
EndProject
Global
	GlobalSection(SolutionConfigurationPlatforms) = preSolution
		Debug|Any CPU = Debug|Any CPU
		Release|Any CPU = Release|Any CPU
	EndGlobalSection
	GlobalSection(ProjectConfigurationPlatforms) = postSolution
		{AD3A6361-1A40-41DD-ABCC-91A368BCA497}.Debug|Any CPU.ActiveCfg = Debug|Any CPU
		{AD3A6361-1A40-41DD-ABCC-91A368BCA497}.Debug|Any CPU.Build.0 = Debug|Any CPU
		{AD3A6361-1A40-41DD-ABCC-91A368BCA497}.Release|Any CPU.ActiveCfg = Release|Any CPU
		{AD3A6361-1A40-41DD-ABCC-91A368BCA497}.Release|Any CPU.Build.0 = Release|Any CPU
		{B3D5C764-A5E2-4A31-BEF6-C669B66D78E9}.Debug|Any CPU.ActiveCfg = Debug|Any CPU
		{B3D5C764-A5E2-4A31-BEF6-C669B66D78E9}.Debug|Any CPU.Build.0 = Debug|Any CPU
		{B3D5C764-A5E2-4A31-BEF6-C669B66D78E9}.Release|Any CPU.ActiveCfg = Release|Any CPU
		{B3D5C764-A5E2-4A31-BEF6-C669B66D78E9}.Release|Any CPU.Build.0 = Release|Any CPU
		{D06C58ED-C5C5-4EF5-88F1-28B6D2BE4845}.Debug|Any CPU.ActiveCfg = Debug|Any CPU
		{D06C58ED-C5C5-4EF5-88F1-28B6D2BE4845}.Debug|Any CPU.Build.0 = Debug|Any CPU
		{D06C58ED-C5C5-4EF5-88F1-28B6D2BE4845}.Release|Any CPU.ActiveCfg = Release|Any CPU
		{D06C58ED-C5C5-4EF5-88F1-28B6D2BE4845}.Release|Any CPU.Build.0 = Release|Any CPU
	EndGlobalSection
	GlobalSection(SolutionProperties) = preSolution
		HideSolutionNode = FALSE
	EndGlobalSection
	GlobalSection(ExtensibilityGlobals) = postSolution
		SolutionGuid = {8DD34110-9816-483D-AA0D-43F20289FAF5}
	EndGlobalSection
EndGlobal
